
Microsoft Visual Studio Solution File, Format Version 12.00
# Visual Studio 15
VisualStudioVersion = 15.0.28010.2046
MinimumVisualStudioVersion = 10.0.40219.1
Project("{FAE04EC0-301F-11D3-BF4B-00C04F79EFBC}") = "MovieApi", "MovieApi\MovieApi.csproj", "{056C0D6E-BEEF-489E-97D3-3086718321A9}"
EndProject
Project("{FAE04EC0-301F-11D3-BF4B-00C04F79EFBC}") = "MovieApi.Data", "MovieApi.Data\MovieApi.Data.csproj", "{6344DB87-4340-4D32-9B11-15263F0DFB50}"
EndProject
Global
	GlobalSection(SolutionConfigurationPlatforms) = preSolution
		Debug|Any CPU = Debug|Any CPU
		Release|Any CPU = Release|Any CPU
	EndGlobalSection
	GlobalSection(ProjectConfigurationPlatforms) = postSolution
		{056C0D6E-BEEF-489E-97D3-3086718321A9}.Debug|Any CPU.ActiveCfg = Debug|Any CPU
		{056C0D6E-BEEF-489E-97D3-3086718321A9}.Debug|Any CPU.Build.0 = Debug|Any CPU
		{056C0D6E-BEEF-489E-97D3-3086718321A9}.Release|Any CPU.ActiveCfg = Release|Any CPU
		{056C0D6E-BEEF-489E-97D3-3086718321A9}.Release|Any CPU.Build.0 = Release|Any CPU
		{6344DB87-4340-4D32-9B11-15263F0DFB50}.Debug|Any CPU.ActiveCfg = Debug|Any CPU
		{6344DB87-4340-4D32-9B11-15263F0DFB50}.Debug|Any CPU.Build.0 = Debug|Any CPU
		{6344DB87-4340-4D32-9B11-15263F0DFB50}.Release|Any CPU.ActiveCfg = Release|Any CPU
		{6344DB87-4340-4D32-9B11-15263F0DFB50}.Release|Any CPU.Build.0 = Release|Any CPU
	EndGlobalSection
	GlobalSection(SolutionProperties) = preSolution
		HideSolutionNode = FALSE
	EndGlobalSection
	GlobalSection(ExtensibilityGlobals) = postSolution
		SolutionGuid = {A2AF187D-5F5D-441B-B32E-97A951DB4DDD}
	EndGlobalSection
EndGlobal
